// !$*UTF8*$!
{
	archiveVersion = 1;
	classes = {
	};
	objectVersion = 56;
	objects = {

/* Begin PBXBuildFile section */
		420C0D602A2145D500646480 /* LaunchScreen.storyboard in Resources */ = {isa = PBXBuildFile; fileRef = 420C0D5C2A2145D500646480 /* LaunchScreen.storyboard */; };
		420C0D612A2145D500646480 /* Main.storyboard in Resources */ = {isa = PBXBuildFile; fileRef = 420C0D5E2A2145D500646480 /* Main.storyboard */; };
		42271A652A207B410071C751 /* HistoryViewController.swift in Sources */ = {isa = PBXBuildFile; fileRef = 42271A582A207B3C0071C751 /* HistoryViewController.swift */; };
		42271A662A207B410071C751 /* HowManyPlayersViewController.swift in Sources */ = {isa = PBXBuildFile; fileRef = 42271A592A207B3C0071C751 /* HowManyPlayersViewController.swift */; };
		42271A672A207B410071C751 /* LocationViewController.swift in Sources */ = {isa = PBXBuildFile; fileRef = 42271A5A2A207B3D0071C751 /* LocationViewController.swift */; };
		42271A682A207B410071C751 /* DetailsViewController.swift in Sources */ = {isa = PBXBuildFile; fileRef = 42271A5B2A207B3D0071C751 /* DetailsViewController.swift */; };
		42271A692A207B410071C751 /* ScoreButton.swift in Sources */ = {isa = PBXBuildFile; fileRef = 42271A5C2A207B3E0071C751 /* ScoreButton.swift */; };
		42271A6A2A207B410071C751 /* ScoreCardViewController.swift in Sources */ = {isa = PBXBuildFile; fileRef = 42271A5D2A207B3E0071C751 /* ScoreCardViewController.swift */; };
		42271A6C2A207B410071C751 /* AchievementsViewController.swift in Sources */ = {isa = PBXBuildFile; fileRef = 42271A5F2A207B3F0071C751 /* AchievementsViewController.swift */; };
		42271A6D2A207B410071C751 /* Assets.xcassets in Resources */ = {isa = PBXBuildFile; fileRef = 42271A602A207B3F0071C751 /* Assets.xcassets */; };
		42271A6E2A207B410071C751 /* HowManyPlayersButton.swift in Sources */ = {isa = PBXBuildFile; fileRef = 42271A612A207B400071C751 /* HowManyPlayersButton.swift */; };
		42271A6F2A207B410071C751 /* MainMenuViewController.swift in Sources */ = {isa = PBXBuildFile; fileRef = 42271A622A207B400071C751 /* MainMenuViewController.swift */; };
		42271A702A207B410071C751 /* SceneDelegate.swift in Sources */ = {isa = PBXBuildFile; fileRef = 42271A632A207B400071C751 /* SceneDelegate.swift */; };
		42271A712A207B410071C751 /* AppDelegate.swift in Sources */ = {isa = PBXBuildFile; fileRef = 42271A642A207B410071C751 /* AppDelegate.swift */; };
/* End PBXBuildFile section */

/* Begin PBXFileReference section */
		420C0D5A2A2144B300646480 /* Info.plist */ = {isa = PBXFileReference; lastKnownFileType = text.plist.xml; path = Info.plist; sourceTree = "<group>"; };
		420C0D5D2A2145D500646480 /* Base */ = {isa = PBXFileReference; lastKnownFileType = file.storyboard; name = Base; path = Base.lproj/LaunchScreen.storyboard; sourceTree = "<group>"; };
		420C0D5F2A2145D500646480 /* Base */ = {isa = PBXFileReference; lastKnownFileType = file.storyboard; name = Base; path = Base.lproj/Main.storyboard; sourceTree = "<group>"; };
		42271A412A2076CA0071C751 /* CosmicDrive.app */ = {isa = PBXFileReference; explicitFileType = wrapper.application; includeInIndex = 0; path = CosmicDrive.app; sourceTree = BUILT_PRODUCTS_DIR; };
		42271A582A207B3C0071C751 /* HistoryViewController.swift */ = {isa = PBXFileReference; fileEncoding = 4; lastKnownFileType = sourcecode.swift; path = HistoryViewController.swift; sourceTree = SOURCE_ROOT; };
		42271A592A207B3C0071C751 /* HowManyPlayersViewController.swift */ = {isa = PBXFileReference; fileEncoding = 4; lastKnownFileType = sourcecode.swift; path = HowManyPlayersViewController.swift; sourceTree = SOURCE_ROOT; };
		42271A5A2A207B3D0071C751 /* LocationViewController.swift */ = {isa = PBXFileReference; fileEncoding = 4; lastKnownFileType = sourcecode.swift; path = LocationViewController.swift; sourceTree = SOURCE_ROOT; };
		42271A5B2A207B3D0071C751 /* DetailsViewController.swift */ = {isa = PBXFileReference; fileEncoding = 4; lastKnownFileType = sourcecode.swift; path = DetailsViewController.swift; sourceTree = SOURCE_ROOT; };
		42271A5C2A207B3E0071C751 /* ScoreButton.swift */ = {isa = PBXFileReference; fileEncoding = 4; lastKnownFileType = sourcecode.swift; path = ScoreButton.swift; sourceTree = SOURCE_ROOT; };
		42271A5D2A207B3E0071C751 /* ScoreCardViewController.swift */ = {isa = PBXFileReference; fileEncoding = 4; lastKnownFileType = sourcecode.swift; path = ScoreCardViewController.swift; sourceTree = SOURCE_ROOT; };
		42271A5F2A207B3F0071C751 /* AchievementsViewController.swift */ = {isa = PBXFileReference; fileEncoding = 4; lastKnownFileType = sourcecode.swift; path = AchievementsViewController.swift; sourceTree = SOURCE_ROOT; };
		42271A602A207B3F0071C751 /* Assets.xcassets */ = {isa = PBXFileReference; lastKnownFileType = folder.assetcatalog; path = Assets.xcassets; sourceTree = SOURCE_ROOT; };
		42271A612A207B400071C751 /* HowManyPlayersButton.swift */ = {isa = PBXFileReference; fileEncoding = 4; lastKnownFileType = sourcecode.swift; path = HowManyPlayersButton.swift; sourceTree = SOURCE_ROOT; };
		42271A622A207B400071C751 /* MainMenuViewController.swift */ = {isa = PBXFileReference; fileEncoding = 4; lastKnownFileType = sourcecode.swift; path = MainMenuViewController.swift; sourceTree = SOURCE_ROOT; };
		42271A632A207B400071C751 /* SceneDelegate.swift */ = {isa = PBXFileReference; fileEncoding = 4; lastKnownFileType = sourcecode.swift; path = SceneDelegate.swift; sourceTree = SOURCE_ROOT; };
		42271A642A207B410071C751 /* AppDelegate.swift */ = {isa = PBXFileReference; fileEncoding = 4; lastKnownFileType = sourcecode.swift; path = AppDelegate.swift; sourceTree = SOURCE_ROOT; };
/* End PBXFileReference section */

/* Begin PBXFrameworksBuildPhase section */
		42271A3E2A2076CA0071C751 /* Frameworks */ = {
			isa = PBXFrameworksBuildPhase;
			buildActionMask = 2147483647;
			files = (
			);
			runOnlyForDeploymentPostprocessing = 0;
		};
/* End PBXFrameworksBuildPhase section */

/* Begin PBXGroup section */
		42271A382A2076CA0071C751 = {
			isa = PBXGroup;
			children = (
				42271A432A2076CA0071C751 /* CosmicDrive */,
				42271A422A2076CA0071C751 /* Products */,
			);
			sourceTree = "<group>";
		};
		42271A422A2076CA0071C751 /* Products */ = {
			isa = PBXGroup;
			children = (
				42271A412A2076CA0071C751 /* CosmicDrive.app */,
			);
			name = Products;
			sourceTree = "<group>";
		};
		42271A432A2076CA0071C751 /* CosmicDrive */ = {
			isa = PBXGroup;
			children = (
				42271A5F2A207B3F0071C751 /* AchievementsViewController.swift */,
				42271A642A207B410071C751 /* AppDelegate.swift */,
				42271A602A207B3F0071C751 /* Assets.xcassets */,
				42271A5B2A207B3D0071C751 /* DetailsViewController.swift */,
				42271A582A207B3C0071C751 /* HistoryViewController.swift */,
				42271A612A207B400071C751 /* HowManyPlayersButton.swift */,
				42271A592A207B3C0071C751 /* HowManyPlayersViewController.swift */,
				42271A5A2A207B3D0071C751 /* LocationViewController.swift */,
				42271A622A207B400071C751 /* MainMenuViewController.swift */,
				42271A632A207B400071C751 /* SceneDelegate.swift */,
				42271A5C2A207B3E0071C751 /* ScoreButton.swift */,
				42271A5D2A207B3E0071C751 /* ScoreCardViewController.swift */,
				420C0D5A2A2144B300646480 /* Info.plist */,
				420C0D5C2A2145D500646480 /* LaunchScreen.storyboard */,
				420C0D5E2A2145D500646480 /* Main.storyboard */,
			);
			path = CosmicDrive;
			sourceTree = "<group>";
		};
/* End PBXGroup section */

/* Begin PBXNativeTarget section */
		42271A402A2076CA0071C751 /* CosmicDrive */ = {
			isa = PBXNativeTarget;
			buildConfigurationList = 42271A552A2076CD0071C751 /* Build configuration list for PBXNativeTarget "CosmicDrive" */;
			buildPhases = (
				42271A3D2A2076CA0071C751 /* Sources */,
				42271A3E2A2076CA0071C751 /* Frameworks */,
				42271A3F2A2076CA0071C751 /* Resources */,
			);
			buildRules = (
			);
			dependencies = (
			);
			name = CosmicDrive;
			productName = CosmicDrive;
			productReference = 42271A412A2076CA0071C751 /* CosmicDrive.app */;
			productType = "com.apple.product-type.application";
		};
/* End PBXNativeTarget section */

/* Begin PBXProject section */
		42271A392A2076CA0071C751 /* Project object */ = {
			isa = PBXProject;
			attributes = {
				BuildIndependentTargetsInParallel = 1;
				LastSwiftUpdateCheck = 1420;
				LastUpgradeCheck = 1420;
				TargetAttributes = {
					42271A402A2076CA0071C751 = {
						CreatedOnToolsVersion = 14.2;
						LastSwiftMigration = 1420;
					};
				};
			};
			buildConfigurationList = 42271A3C2A2076CA0071C751 /* Build configuration list for PBXProject "CosmicDrive" */;
			compatibilityVersion = "Xcode 14.0";
			developmentRegion = en;
			hasScannedForEncodings = 0;
			knownRegions = (
				en,
				Base,
			);
			mainGroup = 42271A382A2076CA0071C751;
			productRefGroup = 42271A422A2076CA0071C751 /* Products */;
			projectDirPath = "";
			projectRoot = "";
			targets = (
				42271A402A2076CA0071C751 /* CosmicDrive */,
			);
		};
/* End PBXProject section */

/* Begin PBXResourcesBuildPhase section */
		42271A3F2A2076CA0071C751 /* Resources */ = {
			isa = PBXResourcesBuildPhase;
			buildActionMask = 2147483647;
			files = (
				420C0D612A2145D500646480 /* Main.storyboard in Resources */,
				42271A6D2A207B410071C751 /* Assets.xcassets in Resources */,
				420C0D602A2145D500646480 /* LaunchScreen.storyboard in Resources */,
			);
			runOnlyForDeploymentPostprocessing = 0;
		};
/* End PBXResourcesBuildPhase section */

/* Begin PBXSourcesBuildPhase section */
		42271A3D2A2076CA0071C751 /* Sources */ = {
			isa = PBXSourcesBuildPhase;
			buildActionMask = 2147483647;
			files = (
				42271A712A207B410071C751 /* AppDelegate.swift in Sources */,
				42271A6F2A207B410071C751 /* MainMenuViewController.swift in Sources */,
				42271A672A207B410071C751 /* LocationViewController.swift in Sources */,
				42271A6A2A207B410071C751 /* ScoreCardViewController.swift in Sources */,
				42271A652A207B410071C751 /* HistoryViewController.swift in Sources */,
				42271A692A207B410071C751 /* ScoreButton.swift in Sources */,
				42271A702A207B410071C751 /* SceneDelegate.swift in Sources */,
				42271A6E2A207B410071C751 /* HowManyPlayersButton.swift in Sources */,
				42271A662A207B410071C751 /* HowManyPlayersViewController.swift in Sources */,
				42271A6C2A207B410071C751 /* AchievementsViewController.swift in Sources */,
				42271A682A207B410071C751 /* DetailsViewController.swift in Sources */,
			);
			runOnlyForDeploymentPostprocessing = 0;
		};
/* End PBXSourcesBuildPhase section */

/* Begin PBXVariantGroup section */
		420C0D5C2A2145D500646480 /* LaunchScreen.storyboard */ = {
			isa = PBXVariantGroup;
			children = (
				420C0D5D2A2145D500646480 /* Base */,
			);
			name = LaunchScreen.storyboard;
			sourceTree = "<group>";
		};
		420C0D5E2A2145D500646480 /* Main.storyboard */ = {
			isa = PBXVariantGroup;
			children = (
				420C0D5F2A2145D500646480 /* Base */,
			);
			name = Main.storyboard;
			sourceTree = "<group>";
		};
/* End PBXVariantGroup section */

/* Begin XCBuildConfiguration section */
		42271A532A2076CD0071C751 /* Debug */ = {
			isa = XCBuildConfiguration;
			buildSettings = {
				ALWAYS_SEARCH_USER_PATHS = NO;
				CLANG_ANALYZER_NONNULL = YES;
				CLANG_ANALYZER_NUMBER_OBJECT_CONVERSION = YES_AGGRESSIVE;
				CLANG_CXX_LANGUAGE_STANDARD = "gnu++20";
				CLANG_ENABLE_MODULES = YES;
				CLANG_ENABLE_OBJC_ARC = YES;
				CLANG_ENABLE_OBJC_WEAK = YES;
				CLANG_WARN_BLOCK_CAPTURE_AUTORELEASING = YES;
				CLANG_WARN_BOOL_CONVERSION = YES;
				CLANG_WARN_COMMA = YES;
				CLANG_WARN_CONSTANT_CONVERSION = YES;
				CLANG_WARN_DEPRECATED_OBJC_IMPLEMENTATIONS = YES;
				CLANG_WARN_DIRECT_OBJC_ISA_USAGE = YES_ERROR;
				CLANG_WARN_DOCUMENTATION_COMMENTS = YES;
				CLANG_WARN_EMPTY_BODY = YES;
				CLANG_WARN_ENUM_CONVERSION = YES;
				CLANG_WARN_INFINITE_RECURSION = YES;
				CLANG_WARN_INT_CONVERSION = YES;
				CLANG_WARN_NON_LITERAL_NULL_CONVERSION = YES;
				CLANG_WARN_OBJC_IMPLICIT_RETAIN_SELF = YES;
				CLANG_WARN_OBJC_LITERAL_CONVERSION = YES;
				CLANG_WARN_OBJC_ROOT_CLASS = YES_ERROR;
				CLANG_WARN_QUOTED_INCLUDE_IN_FRAMEWORK_HEADER = YES;
				CLANG_WARN_RANGE_LOOP_ANALYSIS = YES;
				CLANG_WARN_STRICT_PROTOTYPES = YES;
				CLANG_WARN_SUSPICIOUS_MOVE = YES;
				CLANG_WARN_UNGUARDED_AVAILABILITY = YES_AGGRESSIVE;
				CLANG_WARN_UNREACHABLE_CODE = YES;
				CLANG_WARN__DUPLICATE_METHOD_MATCH = YES;
				COPY_PHASE_STRIP = NO;
				DEBUG_INFORMATION_FORMAT = dwarf;
				ENABLE_STRICT_OBJC_MSGSEND = YES;
				ENABLE_TESTABILITY = YES;
				GCC_C_LANGUAGE_STANDARD = gnu11;
				GCC_DYNAMIC_NO_PIC = NO;
				GCC_NO_COMMON_BLOCKS = YES;
				GCC_OPTIMIZATION_LEVEL = 0;
				GCC_PREPROCESSOR_DEFINITIONS = (
					"DEBUG=1",
					"$(inherited)",
				);
				GCC_WARN_64_TO_32_BIT_CONVERSION = YES;
				GCC_WARN_ABOUT_RETURN_TYPE = YES_ERROR;
				GCC_WARN_UNDECLARED_SELECTOR = YES;
				GCC_WARN_UNINITIALIZED_AUTOS = YES_AGGRESSIVE;
				GCC_WARN_UNUSED_FUNCTION = YES;
				GCC_WARN_UNUSED_VARIABLE = YES;
				IPHONEOS_DEPLOYMENT_TARGET = 16.2;
				MTL_ENABLE_DEBUG_INFO = INCLUDE_SOURCE;
				MTL_FAST_MATH = YES;
				ONLY_ACTIVE_ARCH = YES;
				SDKROOT = iphoneos;
				SWIFT_ACTIVE_COMPILATION_CONDITIONS = DEBUG;
				SWIFT_OPTIMIZATION_LEVEL = "-Onone";
			};
			name = Debug;
		};
		42271A542A2076CD0071C751 /* Release */ = {
			isa = XCBuildConfiguration;
			buildSettings = {
				ALWAYS_SEARCH_USER_PATHS = NO;
				CLANG_ANALYZER_NONNULL = YES;
				CLANG_ANALYZER_NUMBER_OBJECT_CONVERSION = YES_AGGRESSIVE;
				CLANG_CXX_LANGUAGE_STANDARD = "gnu++20";
				CLANG_ENABLE_MODULES = YES;
				CLANG_ENABLE_OBJC_ARC = YES;
				CLANG_ENABLE_OBJC_WEAK = YES;
				CLANG_WARN_BLOCK_CAPTURE_AUTORELEASING = YES;
				CLANG_WARN_BOOL_CONVERSION = YES;
				CLANG_WARN_COMMA = YES;
				CLANG_WARN_CONSTANT_CONVERSION = YES;
				CLANG_WARN_DEPRECATED_OBJC_IMPLEMENTATIONS = YES;
				CLANG_WARN_DIRECT_OBJC_ISA_USAGE = YES_ERROR;
				CLANG_WARN_DOCUMENTATION_COMMENTS = YES;
				CLANG_WARN_EMPTY_BODY = YES;
				CLANG_WARN_ENUM_CONVERSION = YES;
				CLANG_WARN_INFINITE_RECURSION = YES;
				CLANG_WARN_INT_CONVERSION = YES;
				CLANG_WARN_NON_LITERAL_NULL_CONVERSION = YES;
				CLANG_WARN_OBJC_IMPLICIT_RETAIN_SELF = YES;
				CLANG_WARN_OBJC_LITERAL_CONVERSION = YES;
				CLANG_WARN_OBJC_ROOT_CLASS = YES_ERROR;
				CLANG_WARN_QUOTED_INCLUDE_IN_FRAMEWORK_HEADER = YES;
				CLANG_WARN_RANGE_LOOP_ANALYSIS = YES;
				CLANG_WARN_STRICT_PROTOTYPES = YES;
				CLANG_WARN_SUSPICIOUS_MOVE = YES;
				CLANG_WARN_UNGUARDED_AVAILABILITY = YES_AGGRESSIVE;
				CLANG_WARN_UNREACHABLE_CODE = YES;
				CLANG_WARN__DUPLICATE_METHOD_MATCH = YES;
				COPY_PHASE_STRIP = NO;
				DEBUG_INFORMATION_FORMAT = "dwarf-with-dsym";
				ENABLE_NS_ASSERTIONS = NO;
				ENABLE_STRICT_OBJC_MSGSEND = YES;
				GCC_C_LANGUAGE_STANDARD = gnu11;
				GCC_NO_COMMON_BLOCKS = YES;
				GCC_WARN_64_TO_32_BIT_CONVERSION = YES;
				GCC_WARN_ABOUT_RETURN_TYPE = YES_ERROR;
				GCC_WARN_UNDECLARED_SELECTOR = YES;
				GCC_WARN_UNINITIALIZED_AUTOS = YES_AGGRESSIVE;
				GCC_WARN_UNUSED_FUNCTION = YES;
				GCC_WARN_UNUSED_VARIABLE = YES;
				IPHONEOS_DEPLOYMENT_TARGET = 16.2;
				MTL_ENABLE_DEBUG_INFO = NO;
				MTL_FAST_MATH = YES;
				SDKROOT = iphoneos;
				SWIFT_COMPILATION_MODE = wholemodule;
				SWIFT_OPTIMIZATION_LEVEL = "-O";
				VALIDATE_PRODUCT = YES;
			};
			name = Release;
		};
		42271A562A2076CD0071C751 /* Debug */ = {
			isa = XCBuildConfiguration;
			buildSettings = {
				ASSETCATALOG_COMPILER_APPICON_NAME = AppIcon;
				ASSETCATALOG_COMPILER_GLOBAL_ACCENT_COLOR_NAME = AccentColor;
				CLANG_ENABLE_MODULES = YES;
				CODE_SIGN_STYLE = Automatic;
				CURRENT_PROJECT_VERSION = 1;
				DEVELOPMENT_TEAM = LG78AUKDBR;
				GENERATE_INFOPLIST_FILE = YES;
				INFOPLIST_FILE = CosmicDrive/Info.plist;
				INFOPLIST_KEY_UIApplicationSupportsIndirectInputEvents = YES;
				INFOPLIST_KEY_UILaunchStoryboardName = LaunchScreen;
				INFOPLIST_KEY_UIMainStoryboardFile = Main;
				INFOPLIST_KEY_UIStatusBarStyle = "";
				INFOPLIST_KEY_UISupportedInterfaceOrientations = UIInterfaceOrientationPortrait;
				LD_RUNPATH_SEARCH_PATHS = (
					"$(inherited)",
					"@executable_path/Frameworks",
				);
				MARKETING_VERSION = 1.1;
				PRODUCT_BUNDLE_IDENTIFIER = com.PatrickHorton.CosmicDrive;
				PRODUCT_NAME = "$(TARGET_NAME)";
				SUPPORTED_PLATFORMS = "iphoneos iphonesimulator";
				SUPPORTS_MACCATALYST = NO;
				SUPPORTS_MAC_DESIGNED_FOR_IPHONE_IPAD = NO;
				SWIFT_EMIT_LOC_STRINGS = YES;
				SWIFT_OPTIMIZATION_LEVEL = "-Onone";
				SWIFT_VERSION = 5.0;
				TARGETED_DEVICE_FAMILY = 1;
			};
			name = Debug;
		};
		42271A572A2076CD0071C751 /* Release */ = {
			isa = XCBuildConfiguration;
			buildSettings = {
				ASSETCATALOG_COMPILER_APPICON_NAME = AppIcon;
				ASSETCATALOG_COMPILER_GLOBAL_ACCENT_COLOR_NAME = AccentColor;
				CLANG_ENABLE_MODULES = YES;
				CODE_SIGN_STYLE = Automatic;
				CURRENT_PROJECT_VERSION = 1;
				DEVELOPMENT_TEAM = LG78AUKDBR;
				GENERATE_INFOPLIST_FILE = YES;
				INFOPLIST_FILE = CosmicDrive/Info.plist;
				INFOPLIST_KEY_UIApplicationSupportsIndirectInputEvents = YES;
				INFOPLIST_KEY_UILaunchStoryboardName = LaunchScreen;
				INFOPLIST_KEY_UIMainStoryboardFile = Main;
				INFOPLIST_KEY_UIStatusBarStyle = "";
				INFOPLIST_KEY_UISupportedInterfaceOrientations = UIInterfaceOrientationPortrait;
				LD_RUNPATH_SEARCH_PATHS = (
					"$(inherited)",
					"@executable_path/Frameworks",
				);
				MARKETING_VERSION = 1.1;
				PRODUCT_BUNDLE_IDENTIFIER = com.PatrickHorton.CosmicDrive;
				PRODUCT_NAME = "$(TARGET_NAME)";
				SUPPORTED_PLATFORMS = "iphoneos iphonesimulator";
				SUPPORTS_MACCATALYST = NO;
				SUPPORTS_MAC_DESIGNED_FOR_IPHONE_IPAD = NO;
				SWIFT_EMIT_LOC_STRINGS = YES;
				SWIFT_VERSION = 5.0;
				TARGETED_DEVICE_FAMILY = 1;
			};
			name = Release;
		};
/* End XCBuildConfiguration section */

/* Begin XCConfigurationList section */
		42271A3C2A2076CA0071C751 /* Build configuration list for PBXProject "CosmicDrive" */ = {
			isa = XCConfigurationList;
			buildConfigurations = (
				42271A532A2076CD0071C751 /* Debug */,
				42271A542A2076CD0071C751 /* Release */,
			);
			defaultConfigurationIsVisible = 0;
			defaultConfigurationName = Release;
		};
		42271A552A2076CD0071C751 /* Build configuration list for PBXNativeTarget "CosmicDrive" */ = {
			isa = XCConfigurationList;
			buildConfigurations = (
				42271A562A2076CD0071C751 /* Debug */,
				42271A572A2076CD0071C751 /* Release */,
			);
			defaultConfigurationIsVisible = 0;
			defaultConfigurationName = Release;
		};
/* End XCConfigurationList section */
	};
	rootObject = 42271A392A2076CA0071C751 /* Project object */;
}
